// !$*UTF8*$!
{
	archiveVersion = 1;
	classes = {
	};
	objectVersion = 55;
	objects = {

/* Begin PBXBuildFile section */
		210D1832285BD368008A5054 /* DetailsViewController.m in Sources */ = {isa = PBXBuildFile; fileRef = 210D1831285BD368008A5054 /* DetailsViewController.m */; };
		21248986285A4EE80010A6B6 /* AppDelegate.m in Sources */ = {isa = PBXBuildFile; fileRef = 21248985285A4EE80010A6B6 /* AppDelegate.m */; };
		21248989285A4EE80010A6B6 /* SceneDelegate.m in Sources */ = {isa = PBXBuildFile; fileRef = 21248988285A4EE80010A6B6 /* SceneDelegate.m */; };
		2124898C285A4EE80010A6B6 /* ViewController.m in Sources */ = {isa = PBXBuildFile; fileRef = 2124898B285A4EE80010A6B6 /* ViewController.m */; };
		2124898F285A4EE80010A6B6 /* Main.storyboard in Resources */ = {isa = PBXBuildFile; fileRef = 2124898D285A4EE80010A6B6 /* Main.storyboard */; };
		21248991285A4EE90010A6B6 /* Assets.xcassets in Resources */ = {isa = PBXBuildFile; fileRef = 21248990285A4EE90010A6B6 /* Assets.xcassets */; };
		21248994285A4EE90010A6B6 /* LaunchScreen.storyboard in Resources */ = {isa = PBXBuildFile; fileRef = 21248992285A4EE90010A6B6 /* LaunchScreen.storyboard */; };
		21248997285A4EE90010A6B6 /* main.m in Sources */ = {isa = PBXBuildFile; fileRef = 21248996285A4EE90010A6B6 /* main.m */; };
		212489A1285A4EE90010A6B6 /* FlixterTests.m in Sources */ = {isa = PBXBuildFile; fileRef = 212489A0285A4EE90010A6B6 /* FlixterTests.m */; };
		212489AB285A4EE90010A6B6 /* FlixterUITests.m in Sources */ = {isa = PBXBuildFile; fileRef = 212489AA285A4EE90010A6B6 /* FlixterUITests.m */; };
		212489AD285A4EEA0010A6B6 /* FlixterUITestsLaunchTests.m in Sources */ = {isa = PBXBuildFile; fileRef = 212489AC285A4EEA0010A6B6 /* FlixterUITestsLaunchTests.m */; };
		212489BB285A725F0010A6B6 /* MovieViewController.m in Sources */ = {isa = PBXBuildFile; fileRef = 212489BA285A725F0010A6B6 /* MovieViewController.m */; };
		212489BE285A9BBE0010A6B6 /* MovieCell.m in Sources */ = {isa = PBXBuildFile; fileRef = 212489BD285A9BBE0010A6B6 /* MovieCell.m */; };
		21897272285D1BE500324B90 /* GridViewController.m in Sources */ = {isa = PBXBuildFile; fileRef = 21897271285D1BE500324B90 /* GridViewController.m */; };
		21897275285D242E00324B90 /* MovieGridCell.m in Sources */ = {isa = PBXBuildFile; fileRef = 21897274285D242E00324B90 /* MovieGridCell.m */; };
		3C7CF2CC29249087EB3B48CE /* libPods-FlixterTests.a in Frameworks */ = {isa = PBXBuildFile; fileRef = C1339A91C280D91EB1CE864C /* libPods-FlixterTests.a */; };
		8BF21CE8550A46F5397C1BF0 /* libPods-Flixter.a in Frameworks */ = {isa = PBXBuildFile; fileRef = 90F067DAA7D340903EDDEF46 /* libPods-Flixter.a */; };
		BF9F29FCCA92976BD4808E44 /* libPods-Flixter-FlixterUITests.a in Frameworks */ = {isa = PBXBuildFile; fileRef = FF84AF8CAB57321958D6294C /* libPods-Flixter-FlixterUITests.a */; };
/* End PBXBuildFile section */

/* Begin PBXContainerItemProxy section */
		2124899D285A4EE90010A6B6 /* PBXContainerItemProxy */ = {
			isa = PBXContainerItemProxy;
			containerPortal = 21248979285A4EE80010A6B6 /* Project object */;
			proxyType = 1;
			remoteGlobalIDString = 21248980285A4EE80010A6B6;
			remoteInfo = Flixter;
		};
		212489A7285A4EE90010A6B6 /* PBXContainerItemProxy */ = {
			isa = PBXContainerItemProxy;
			containerPortal = 21248979285A4EE80010A6B6 /* Project object */;
			proxyType = 1;
			remoteGlobalIDString = 21248980285A4EE80010A6B6;
			remoteInfo = Flixter;
		};
/* End PBXContainerItemProxy section */

/* Begin PBXFileReference section */
		15F2687CBB9A950BB286EAC5 /* Pods-Flixter.debug.xcconfig */ = {isa = PBXFileReference; includeInIndex = 1; lastKnownFileType = text.xcconfig; name = "Pods-Flixter.debug.xcconfig"; path = "Target Support Files/Pods-Flixter/Pods-Flixter.debug.xcconfig"; sourceTree = "<group>"; };
		210D1830285BD368008A5054 /* DetailsViewController.h */ = {isa = PBXFileReference; lastKnownFileType = sourcecode.c.h; path = DetailsViewController.h; sourceTree = "<group>"; };
		210D1831285BD368008A5054 /* DetailsViewController.m */ = {isa = PBXFileReference; lastKnownFileType = sourcecode.c.objc; path = DetailsViewController.m; sourceTree = "<group>"; };
		21248981285A4EE80010A6B6 /* Flixter.app */ = {isa = PBXFileReference; explicitFileType = wrapper.application; includeInIndex = 0; path = Flixter.app; sourceTree = BUILT_PRODUCTS_DIR; };
		21248984285A4EE80010A6B6 /* AppDelegate.h */ = {isa = PBXFileReference; lastKnownFileType = sourcecode.c.h; path = AppDelegate.h; sourceTree = "<group>"; };
		21248985285A4EE80010A6B6 /* AppDelegate.m */ = {isa = PBXFileReference; lastKnownFileType = sourcecode.c.objc; path = AppDelegate.m; sourceTree = "<group>"; };
		21248987285A4EE80010A6B6 /* SceneDelegate.h */ = {isa = PBXFileReference; lastKnownFileType = sourcecode.c.h; path = SceneDelegate.h; sourceTree = "<group>"; };
		21248988285A4EE80010A6B6 /* SceneDelegate.m */ = {isa = PBXFileReference; lastKnownFileType = sourcecode.c.objc; path = SceneDelegate.m; sourceTree = "<group>"; };
		2124898A285A4EE80010A6B6 /* ViewController.h */ = {isa = PBXFileReference; lastKnownFileType = sourcecode.c.h; path = ViewController.h; sourceTree = "<group>"; };
		2124898B285A4EE80010A6B6 /* ViewController.m */ = {isa = PBXFileReference; lastKnownFileType = sourcecode.c.objc; path = ViewController.m; sourceTree = "<group>"; };
		2124898E285A4EE80010A6B6 /* Base */ = {isa = PBXFileReference; lastKnownFileType = file.storyboard; name = Base; path = Base.lproj/Main.storyboard; sourceTree = "<group>"; };
		21248990285A4EE90010A6B6 /* Assets.xcassets */ = {isa = PBXFileReference; lastKnownFileType = folder.assetcatalog; path = Assets.xcassets; sourceTree = "<group>"; };
		21248993285A4EE90010A6B6 /* Base */ = {isa = PBXFileReference; lastKnownFileType = file.storyboard; name = Base; path = Base.lproj/LaunchScreen.storyboard; sourceTree = "<group>"; };
		21248995285A4EE90010A6B6 /* Info.plist */ = {isa = PBXFileReference; lastKnownFileType = text.plist.xml; path = Info.plist; sourceTree = "<group>"; };
		21248996285A4EE90010A6B6 /* main.m */ = {isa = PBXFileReference; lastKnownFileType = sourcecode.c.objc; path = main.m; sourceTree = "<group>"; };
		2124899C285A4EE90010A6B6 /* FlixterTests.xctest */ = {isa = PBXFileReference; explicitFileType = wrapper.cfbundle; includeInIndex = 0; path = FlixterTests.xctest; sourceTree = BUILT_PRODUCTS_DIR; };
		212489A0285A4EE90010A6B6 /* FlixterTests.m */ = {isa = PBXFileReference; lastKnownFileType = sourcecode.c.objc; path = FlixterTests.m; sourceTree = "<group>"; };
		212489A6285A4EE90010A6B6 /* FlixterUITests.xctest */ = {isa = PBXFileReference; explicitFileType = wrapper.cfbundle; includeInIndex = 0; path = FlixterUITests.xctest; sourceTree = BUILT_PRODUCTS_DIR; };
		212489AA285A4EE90010A6B6 /* FlixterUITests.m */ = {isa = PBXFileReference; lastKnownFileType = sourcecode.c.objc; path = FlixterUITests.m; sourceTree = "<group>"; };
		212489AC285A4EEA0010A6B6 /* FlixterUITestsLaunchTests.m */ = {isa = PBXFileReference; lastKnownFileType = sourcecode.c.objc; path = FlixterUITestsLaunchTests.m; sourceTree = "<group>"; };
		212489B9285A725F0010A6B6 /* MovieViewController.h */ = {isa = PBXFileReference; lastKnownFileType = sourcecode.c.h; path = MovieViewController.h; sourceTree = "<group>"; };
		212489BA285A725F0010A6B6 /* MovieViewController.m */ = {isa = PBXFileReference; lastKnownFileType = sourcecode.c.objc; path = MovieViewController.m; sourceTree = "<group>"; };
		212489BC285A9BBE0010A6B6 /* MovieCell.h */ = {isa = PBXFileReference; lastKnownFileType = sourcecode.c.h; path = MovieCell.h; sourceTree = "<group>"; };
		212489BD285A9BBE0010A6B6 /* MovieCell.m */ = {isa = PBXFileReference; lastKnownFileType = sourcecode.c.objc; path = MovieCell.m; sourceTree = "<group>"; };
		21897270285D1BE500324B90 /* GridViewController.h */ = {isa = PBXFileReference; lastKnownFileType = sourcecode.c.h; path = GridViewController.h; sourceTree = "<group>"; };
		21897271285D1BE500324B90 /* GridViewController.m */ = {isa = PBXFileReference; lastKnownFileType = sourcecode.c.objc; path = GridViewController.m; sourceTree = "<group>"; };
		21897273285D242E00324B90 /* MovieGridCell.h */ = {isa = PBXFileReference; lastKnownFileType = sourcecode.c.h; path = MovieGridCell.h; sourceTree = "<group>"; };
		21897274285D242E00324B90 /* MovieGridCell.m */ = {isa = PBXFileReference; lastKnownFileType = sourcecode.c.objc; path = MovieGridCell.m; sourceTree = "<group>"; };
		2317965C807377FC6E8816F6 /* Pods-FlixterTests.debug.xcconfig */ = {isa = PBXFileReference; includeInIndex = 1; lastKnownFileType = text.xcconfig; name = "Pods-FlixterTests.debug.xcconfig"; path = "Target Support Files/Pods-FlixterTests/Pods-FlixterTests.debug.xcconfig"; sourceTree = "<group>"; };
		3683DFA457081CB092AB0222 /* Pods-Flixter-FlixterUITests.release.xcconfig */ = {isa = PBXFileReference; includeInIndex = 1; lastKnownFileType = text.xcconfig; name = "Pods-Flixter-FlixterUITests.release.xcconfig"; path = "Target Support Files/Pods-Flixter-FlixterUITests/Pods-Flixter-FlixterUITests.release.xcconfig"; sourceTree = "<group>"; };
		4B72BB2159E8C2AC7295F858 /* Pods-Flixter-FlixterUITests.debug.xcconfig */ = {isa = PBXFileReference; includeInIndex = 1; lastKnownFileType = text.xcconfig; name = "Pods-Flixter-FlixterUITests.debug.xcconfig"; path = "Target Support Files/Pods-Flixter-FlixterUITests/Pods-Flixter-FlixterUITests.debug.xcconfig"; sourceTree = "<group>"; };
		90F067DAA7D340903EDDEF46 /* libPods-Flixter.a */ = {isa = PBXFileReference; explicitFileType = archive.ar; includeInIndex = 0; path = "libPods-Flixter.a"; sourceTree = BUILT_PRODUCTS_DIR; };
		BF2D9B2A2E8C13A62EE00685 /* Pods-FlixterTests.release.xcconfig */ = {isa = PBXFileReference; includeInIndex = 1; lastKnownFileType = text.xcconfig; name = "Pods-FlixterTests.release.xcconfig"; path = "Target Support Files/Pods-FlixterTests/Pods-FlixterTests.release.xcconfig"; sourceTree = "<group>"; };
		C1339A91C280D91EB1CE864C /* libPods-FlixterTests.a */ = {isa = PBXFileReference; explicitFileType = archive.ar; includeInIndex = 0; path = "libPods-FlixterTests.a"; sourceTree = BUILT_PRODUCTS_DIR; };
		C39304FEB3E7C7BB17850634 /* Pods-Flixter.release.xcconfig */ = {isa = PBXFileReference; includeInIndex = 1; lastKnownFileType = text.xcconfig; name = "Pods-Flixter.release.xcconfig"; path = "Target Support Files/Pods-Flixter/Pods-Flixter.release.xcconfig"; sourceTree = "<group>"; };
		FF84AF8CAB57321958D6294C /* libPods-Flixter-FlixterUITests.a */ = {isa = PBXFileReference; explicitFileType = archive.ar; includeInIndex = 0; path = "libPods-Flixter-FlixterUITests.a"; sourceTree = BUILT_PRODUCTS_DIR; };
/* End PBXFileReference section */

/* Begin PBXFrameworksBuildPhase section */
		2124897E285A4EE80010A6B6 /* Frameworks */ = {
			isa = PBXFrameworksBuildPhase;
			buildActionMask = 2147483647;
			files = (
				8BF21CE8550A46F5397C1BF0 /* libPods-Flixter.a in Frameworks */,
			);
			runOnlyForDeploymentPostprocessing = 0;
		};
		21248999285A4EE90010A6B6 /* Frameworks */ = {
			isa = PBXFrameworksBuildPhase;
			buildActionMask = 2147483647;
			files = (
				3C7CF2CC29249087EB3B48CE /* libPods-FlixterTests.a in Frameworks */,
			);
			runOnlyForDeploymentPostprocessing = 0;
		};
		212489A3285A4EE90010A6B6 /* Frameworks */ = {
			isa = PBXFrameworksBuildPhase;
			buildActionMask = 2147483647;
			files = (
				BF9F29FCCA92976BD4808E44 /* libPods-Flixter-FlixterUITests.a in Frameworks */,
			);
			runOnlyForDeploymentPostprocessing = 0;
		};
/* End PBXFrameworksBuildPhase section */

/* Begin PBXGroup section */
		21248978285A4EE80010A6B6 = {
			isa = PBXGroup;
			children = (
				21248983285A4EE80010A6B6 /* Flixter */,
				2124899F285A4EE90010A6B6 /* FlixterTests */,
				212489A9285A4EE90010A6B6 /* FlixterUITests */,
				21248982285A4EE80010A6B6 /* Products */,
				7DE2567231A4C6C834BB5BF3 /* Pods */,
				B3D8016D2492AF2E53A46560 /* Frameworks */,
			);
			sourceTree = "<group>";
		};
		21248982285A4EE80010A6B6 /* Products */ = {
			isa = PBXGroup;
			children = (
				21248981285A4EE80010A6B6 /* Flixter.app */,
				2124899C285A4EE90010A6B6 /* FlixterTests.xctest */,
				212489A6285A4EE90010A6B6 /* FlixterUITests.xctest */,
			);
			name = Products;
			sourceTree = "<group>";
		};
		21248983285A4EE80010A6B6 /* Flixter */ = {
			isa = PBXGroup;
			children = (
				21248984285A4EE80010A6B6 /* AppDelegate.h */,
				21248985285A4EE80010A6B6 /* AppDelegate.m */,
				21248987285A4EE80010A6B6 /* SceneDelegate.h */,
				21248988285A4EE80010A6B6 /* SceneDelegate.m */,
				2124898A285A4EE80010A6B6 /* ViewController.h */,
				2124898B285A4EE80010A6B6 /* ViewController.m */,
				2124898D285A4EE80010A6B6 /* Main.storyboard */,
				21897273285D242E00324B90 /* MovieGridCell.h */,
				21897274285D242E00324B90 /* MovieGridCell.m */,
				21897270285D1BE500324B90 /* GridViewController.h */,
				21897271285D1BE500324B90 /* GridViewController.m */,
				212489BC285A9BBE0010A6B6 /* MovieCell.h */,
				212489BD285A9BBE0010A6B6 /* MovieCell.m */,
				21248990285A4EE90010A6B6 /* Assets.xcassets */,
				21248992285A4EE90010A6B6 /* LaunchScreen.storyboard */,
				212489B9285A725F0010A6B6 /* MovieViewController.h */,
				212489BA285A725F0010A6B6 /* MovieViewController.m */,
				210D1830285BD368008A5054 /* DetailsViewController.h */,
				210D1831285BD368008A5054 /* DetailsViewController.m */,
				21248995285A4EE90010A6B6 /* Info.plist */,
				21248996285A4EE90010A6B6 /* main.m */,
			);
			path = Flixter;
			sourceTree = "<group>";
		};
		2124899F285A4EE90010A6B6 /* FlixterTests */ = {
			isa = PBXGroup;
			children = (
				212489A0285A4EE90010A6B6 /* FlixterTests.m */,
			);
			path = FlixterTests;
			sourceTree = "<group>";
		};
		212489A9285A4EE90010A6B6 /* FlixterUITests */ = {
			isa = PBXGroup;
			children = (
				212489AA285A4EE90010A6B6 /* FlixterUITests.m */,
				212489AC285A4EEA0010A6B6 /* FlixterUITestsLaunchTests.m */,
			);
			path = FlixterUITests;
			sourceTree = "<group>";
		};
		7DE2567231A4C6C834BB5BF3 /* Pods */ = {
			isa = PBXGroup;
			children = (
				15F2687CBB9A950BB286EAC5 /* Pods-Flixter.debug.xcconfig */,
				C39304FEB3E7C7BB17850634 /* Pods-Flixter.release.xcconfig */,
				4B72BB2159E8C2AC7295F858 /* Pods-Flixter-FlixterUITests.debug.xcconfig */,
				3683DFA457081CB092AB0222 /* Pods-Flixter-FlixterUITests.release.xcconfig */,
				2317965C807377FC6E8816F6 /* Pods-FlixterTests.debug.xcconfig */,
				BF2D9B2A2E8C13A62EE00685 /* Pods-FlixterTests.release.xcconfig */,
			);
			path = Pods;
			sourceTree = "<group>";
		};
		B3D8016D2492AF2E53A46560 /* Frameworks */ = {
			isa = PBXGroup;
			children = (
				90F067DAA7D340903EDDEF46 /* libPods-Flixter.a */,
				FF84AF8CAB57321958D6294C /* libPods-Flixter-FlixterUITests.a */,
				C1339A91C280D91EB1CE864C /* libPods-FlixterTests.a */,
			);
			name = Frameworks;
			sourceTree = "<group>";
		};
/* End PBXGroup section */

/* Begin PBXNativeTarget section */
		21248980285A4EE80010A6B6 /* Flixter */ = {
			isa = PBXNativeTarget;
			buildConfigurationList = 212489B0285A4EEA0010A6B6 /* Build configuration list for PBXNativeTarget "Flixter" */;
			buildPhases = (
				1FB890DB4269FAC3D3266B9F /* [CP] Check Pods Manifest.lock */,
				2124897D285A4EE80010A6B6 /* Sources */,
				2124897E285A4EE80010A6B6 /* Frameworks */,
				2124897F285A4EE80010A6B6 /* Resources */,
			);
			buildRules = (
			);
			dependencies = (
			);
			name = Flixter;
			productName = Flixter;
			productReference = 21248981285A4EE80010A6B6 /* Flixter.app */;
			productType = "com.apple.product-type.application";
		};
		2124899B285A4EE90010A6B6 /* FlixterTests */ = {
			isa = PBXNativeTarget;
			buildConfigurationList = 212489B3285A4EEA0010A6B6 /* Build configuration list for PBXNativeTarget "FlixterTests" */;
			buildPhases = (
				1F3C92B6D639767B2746E52B /* [CP] Check Pods Manifest.lock */,
				21248998285A4EE90010A6B6 /* Sources */,
				21248999285A4EE90010A6B6 /* Frameworks */,
				2124899A285A4EE90010A6B6 /* Resources */,
			);
			buildRules = (
			);
			dependencies = (
				2124899E285A4EE90010A6B6 /* PBXTargetDependency */,
			);
			name = FlixterTests;
			productName = FlixterTests;
			productReference = 2124899C285A4EE90010A6B6 /* FlixterTests.xctest */;
			productType = "com.apple.product-type.bundle.unit-test";
		};
		212489A5285A4EE90010A6B6 /* FlixterUITests */ = {
			isa = PBXNativeTarget;
			buildConfigurationList = 212489B6285A4EEA0010A6B6 /* Build configuration list for PBXNativeTarget "FlixterUITests" */;
			buildPhases = (
				B107AD6DB77641DAF0E8AF3A /* [CP] Check Pods Manifest.lock */,
				212489A2285A4EE90010A6B6 /* Sources */,
				212489A3285A4EE90010A6B6 /* Frameworks */,
				212489A4285A4EE90010A6B6 /* Resources */,
			);
			buildRules = (
			);
			dependencies = (
				212489A8285A4EE90010A6B6 /* PBXTargetDependency */,
			);
			name = FlixterUITests;
			productName = FlixterUITests;
			productReference = 212489A6285A4EE90010A6B6 /* FlixterUITests.xctest */;
			productType = "com.apple.product-type.bundle.ui-testing";
		};
/* End PBXNativeTarget section */

/* Begin PBXProject section */
		21248979285A4EE80010A6B6 /* Project object */ = {
			isa = PBXProject;
			attributes = {
				BuildIndependentTargetsInParallel = 1;
				LastUpgradeCheck = 1340;
				TargetAttributes = {
					21248980285A4EE80010A6B6 = {
						CreatedOnToolsVersion = 13.4;
					};
					2124899B285A4EE90010A6B6 = {
						CreatedOnToolsVersion = 13.4;
						TestTargetID = 21248980285A4EE80010A6B6;
					};
					212489A5285A4EE90010A6B6 = {
						CreatedOnToolsVersion = 13.4;
						TestTargetID = 21248980285A4EE80010A6B6;
					};
				};
			};
			buildConfigurationList = 2124897C285A4EE80010A6B6 /* Build configuration list for PBXProject "Flixter" */;
			compatibilityVersion = "Xcode 13.0";
			developmentRegion = en;
			hasScannedForEncodings = 0;
			knownRegions = (
				en,
				Base,
			);
			mainGroup = 21248978285A4EE80010A6B6;
			productRefGroup = 21248982285A4EE80010A6B6 /* Products */;
			projectDirPath = "";
			projectRoot = "";
			targets = (
				21248980285A4EE80010A6B6 /* Flixter */,
				2124899B285A4EE90010A6B6 /* FlixterTests */,
				212489A5285A4EE90010A6B6 /* FlixterUITests */,
			);
		};
/* End PBXProject section */

/* Begin PBXResourcesBuildPhase section */
		2124897F285A4EE80010A6B6 /* Resources */ = {
			isa = PBXResourcesBuildPhase;
			buildActionMask = 2147483647;
			files = (
				21248994285A4EE90010A6B6 /* LaunchScreen.storyboard in Resources */,
				21248991285A4EE90010A6B6 /* Assets.xcassets in Resources */,
				2124898F285A4EE80010A6B6 /* Main.storyboard in Resources */,
			);
			runOnlyForDeploymentPostprocessing = 0;
		};
		2124899A285A4EE90010A6B6 /* Resources */ = {
			isa = PBXResourcesBuildPhase;
			buildActionMask = 2147483647;
			files = (
			);
			runOnlyForDeploymentPostprocessing = 0;
		};
		212489A4285A4EE90010A6B6 /* Resources */ = {
			isa = PBXResourcesBuildPhase;
			buildActionMask = 2147483647;
			files = (
			);
			runOnlyForDeploymentPostprocessing = 0;
		};
/* End PBXResourcesBuildPhase section */

/* Begin PBXShellScriptBuildPhase section */
		1F3C92B6D639767B2746E52B /* [CP] Check Pods Manifest.lock */ = {
			isa = PBXShellScriptBuildPhase;
			buildActionMask = 2147483647;
			files = (
			);
			inputFileListPaths = (
			);
			inputPaths = (
				"${PODS_PODFILE_DIR_PATH}/Podfile.lock",
				"${PODS_ROOT}/Manifest.lock",
			);
			name = "[CP] Check Pods Manifest.lock";
			outputFileListPaths = (
			);
			outputPaths = (
				"$(DERIVED_FILE_DIR)/Pods-FlixterTests-checkManifestLockResult.txt",
			);
			runOnlyForDeploymentPostprocessing = 0;
			shellPath = /bin/sh;
			shellScript = "diff \"${PODS_PODFILE_DIR_PATH}/Podfile.lock\" \"${PODS_ROOT}/Manifest.lock\" > /dev/null\nif [ $? != 0 ] ; then\n    # print error to STDERR\n    echo \"error: The sandbox is not in sync with the Podfile.lock. Run 'pod install' or update your CocoaPods installation.\" >&2\n    exit 1\nfi\n# This output is used by Xcode 'outputs' to avoid re-running this script phase.\necho \"SUCCESS\" > \"${SCRIPT_OUTPUT_FILE_0}\"\n";
			showEnvVarsInLog = 0;
		};
		1FB890DB4269FAC3D3266B9F /* [CP] Check Pods Manifest.lock */ = {
			isa = PBXShellScriptBuildPhase;
			buildActionMask = 2147483647;
			files = (
			);
			inputFileListPaths = (
			);
			inputPaths = (
				"${PODS_PODFILE_DIR_PATH}/Podfile.lock",
				"${PODS_ROOT}/Manifest.lock",
			);
			name = "[CP] Check Pods Manifest.lock";
			outputFileListPaths = (
			);
			outputPaths = (
				"$(DERIVED_FILE_DIR)/Pods-Flixter-checkManifestLockResult.txt",
			);
			runOnlyForDeploymentPostprocessing = 0;
			shellPath = /bin/sh;
			shellScript = "diff \"${PODS_PODFILE_DIR_PATH}/Podfile.lock\" \"${PODS_ROOT}/Manifest.lock\" > /dev/null\nif [ $? != 0 ] ; then\n    # print error to STDERR\n    echo \"error: The sandbox is not in sync with the Podfile.lock. Run 'pod install' or update your CocoaPods installation.\" >&2\n    exit 1\nfi\n# This output is used by Xcode 'outputs' to avoid re-running this script phase.\necho \"SUCCESS\" > \"${SCRIPT_OUTPUT_FILE_0}\"\n";
			showEnvVarsInLog = 0;
		};
		B107AD6DB77641DAF0E8AF3A /* [CP] Check Pods Manifest.lock */ = {
			isa = PBXShellScriptBuildPhase;
			buildActionMask = 2147483647;
			files = (
			);
			inputFileListPaths = (
			);
			inputPaths = (
				"${PODS_PODFILE_DIR_PATH}/Podfile.lock",
				"${PODS_ROOT}/Manifest.lock",
			);
			name = "[CP] Check Pods Manifest.lock";
			outputFileListPaths = (
			);
			outputPaths = (
				"$(DERIVED_FILE_DIR)/Pods-Flixter-FlixterUITests-checkManifestLockResult.txt",
			);
			runOnlyForDeploymentPostprocessing = 0;
			shellPath = /bin/sh;
			shellScript = "diff \"${PODS_PODFILE_DIR_PATH}/Podfile.lock\" \"${PODS_ROOT}/Manifest.lock\" > /dev/null\nif [ $? != 0 ] ; then\n    # print error to STDERR\n    echo \"error: The sandbox is not in sync with the Podfile.lock. Run 'pod install' or update your CocoaPods installation.\" >&2\n    exit 1\nfi\n# This output is used by Xcode 'outputs' to avoid re-running this script phase.\necho \"SUCCESS\" > \"${SCRIPT_OUTPUT_FILE_0}\"\n";
			showEnvVarsInLog = 0;
		};
/* End PBXShellScriptBuildPhase section */

/* Begin PBXSourcesBuildPhase section */
		2124897D285A4EE80010A6B6 /* Sources */ = {
			isa = PBXSourcesBuildPhase;
			buildActionMask = 2147483647;
			files = (
				2124898C285A4EE80010A6B6 /* ViewController.m in Sources */,
				212489BB285A725F0010A6B6 /* MovieViewController.m in Sources */,
				212489BE285A9BBE0010A6B6 /* MovieCell.m in Sources */,
				21248986285A4EE80010A6B6 /* AppDelegate.m in Sources */,
				21897272285D1BE500324B90 /* GridViewController.m in Sources */,
				21897275285D242E00324B90 /* MovieGridCell.m in Sources */,
				210D1832285BD368008A5054 /* DetailsViewController.m in Sources */,
				21248997285A4EE90010A6B6 /* main.m in Sources */,
				21248989285A4EE80010A6B6 /* SceneDelegate.m in Sources */,
			);
			runOnlyForDeploymentPostprocessing = 0;
		};
		21248998285A4EE90010A6B6 /* Sources */ = {
			isa = PBXSourcesBuildPhase;
			buildActionMask = 2147483647;
			files = (
				212489A1285A4EE90010A6B6 /* FlixterTests.m in Sources */,
			);
			runOnlyForDeploymentPostprocessing = 0;
		};
		212489A2285A4EE90010A6B6 /* Sources */ = {
			isa = PBXSourcesBuildPhase;
			buildActionMask = 2147483647;
			files = (
				212489AB285A4EE90010A6B6 /* FlixterUITests.m in Sources */,
				212489AD285A4EEA0010A6B6 /* FlixterUITestsLaunchTests.m in Sources */,
			);
			runOnlyForDeploymentPostprocessing = 0;
		};
/* End PBXSourcesBuildPhase section */

/* Begin PBXTargetDependency section */
		2124899E285A4EE90010A6B6 /* PBXTargetDependency */ = {
			isa = PBXTargetDependency;
			target = 21248980285A4EE80010A6B6 /* Flixter */;
			targetProxy = 2124899D285A4EE90010A6B6 /* PBXContainerItemProxy */;
		};
		212489A8285A4EE90010A6B6 /* PBXTargetDependency */ = {
			isa = PBXTargetDependency;
			target = 21248980285A4EE80010A6B6 /* Flixter */;
			targetProxy = 212489A7285A4EE90010A6B6 /* PBXContainerItemProxy */;
		};
/* End PBXTargetDependency section */

/* Begin PBXVariantGroup section */
		2124898D285A4EE80010A6B6 /* Main.storyboard */ = {
			isa = PBXVariantGroup;
			children = (
				2124898E285A4EE80010A6B6 /* Base */,
			);
			name = Main.storyboard;
			sourceTree = "<group>";
		};
		21248992285A4EE90010A6B6 /* LaunchScreen.storyboard */ = {
			isa = PBXVariantGroup;
			children = (
				21248993285A4EE90010A6B6 /* Base */,
			);
			name = LaunchScreen.storyboard;
			sourceTree = "<group>";
		};
/* End PBXVariantGroup section */

/* Begin XCBuildConfiguration section */
		212489AE285A4EEA0010A6B6 /* Debug */ = {
			isa = XCBuildConfiguration;
			buildSettings = {
				ALWAYS_SEARCH_USER_PATHS = NO;
				CLANG_ANALYZER_NONNULL = YES;
				CLANG_ANALYZER_NUMBER_OBJECT_CONVERSION = YES_AGGRESSIVE;
				CLANG_CXX_LANGUAGE_STANDARD = "gnu++17";
				CLANG_ENABLE_MODULES = YES;
				CLANG_ENABLE_OBJC_ARC = YES;
				CLANG_ENABLE_OBJC_WEAK = YES;
				CLANG_WARN_BLOCK_CAPTURE_AUTORELEASING = YES;
				CLANG_WARN_BOOL_CONVERSION = YES;
				CLANG_WARN_COMMA = YES;
				CLANG_WARN_CONSTANT_CONVERSION = YES;
				CLANG_WARN_DEPRECATED_OBJC_IMPLEMENTATIONS = YES;
				CLANG_WARN_DIRECT_OBJC_ISA_USAGE = YES_ERROR;
				CLANG_WARN_DOCUMENTATION_COMMENTS = YES;
				CLANG_WARN_EMPTY_BODY = YES;
				CLANG_WARN_ENUM_CONVERSION = YES;
				CLANG_WARN_INFINITE_RECURSION = YES;
				CLANG_WARN_INT_CONVERSION = YES;
				CLANG_WARN_NON_LITERAL_NULL_CONVERSION = YES;
				CLANG_WARN_OBJC_IMPLICIT_RETAIN_SELF = YES;
				CLANG_WARN_OBJC_LITERAL_CONVERSION = YES;
				CLANG_WARN_OBJC_ROOT_CLASS = YES_ERROR;
				CLANG_WARN_QUOTED_INCLUDE_IN_FRAMEWORK_HEADER = YES;
				CLANG_WARN_RANGE_LOOP_ANALYSIS = YES;
				CLANG_WARN_STRICT_PROTOTYPES = YES;
				CLANG_WARN_SUSPICIOUS_MOVE = YES;
				CLANG_WARN_UNGUARDED_AVAILABILITY = YES_AGGRESSIVE;
				CLANG_WARN_UNREACHABLE_CODE = YES;
				CLANG_WARN__DUPLICATE_METHOD_MATCH = YES;
				COPY_PHASE_STRIP = NO;
				DEBUG_INFORMATION_FORMAT = dwarf;
				ENABLE_STRICT_OBJC_MSGSEND = YES;
				ENABLE_TESTABILITY = YES;
				GCC_C_LANGUAGE_STANDARD = gnu11;
				GCC_DYNAMIC_NO_PIC = NO;
				GCC_NO_COMMON_BLOCKS = YES;
				GCC_OPTIMIZATION_LEVEL = 0;
				GCC_PREPROCESSOR_DEFINITIONS = (
					"DEBUG=1",
					"$(inherited)",
				);
				GCC_WARN_64_TO_32_BIT_CONVERSION = YES;
				GCC_WARN_ABOUT_RETURN_TYPE = YES_ERROR;
				GCC_WARN_UNDECLARED_SELECTOR = YES;
				GCC_WARN_UNINITIALIZED_AUTOS = YES_AGGRESSIVE;
				GCC_WARN_UNUSED_FUNCTION = YES;
				GCC_WARN_UNUSED_VARIABLE = YES;
				IPHONEOS_DEPLOYMENT_TARGET = 15.5;
				MTL_ENABLE_DEBUG_INFO = INCLUDE_SOURCE;
				MTL_FAST_MATH = YES;
				ONLY_ACTIVE_ARCH = YES;
				SDKROOT = iphoneos;
			};
			name = Debug;
		};
		212489AF285A4EEA0010A6B6 /* Release */ = {
			isa = XCBuildConfiguration;
			buildSettings = {
				ALWAYS_SEARCH_USER_PATHS = NO;
				CLANG_ANALYZER_NONNULL = YES;
				CLANG_ANALYZER_NUMBER_OBJECT_CONVERSION = YES_AGGRESSIVE;
				CLANG_CXX_LANGUAGE_STANDARD = "gnu++17";
				CLANG_ENABLE_MODULES = YES;
				CLANG_ENABLE_OBJC_ARC = YES;
				CLANG_ENABLE_OBJC_WEAK = YES;
				CLANG_WARN_BLOCK_CAPTURE_AUTORELEASING = YES;
				CLANG_WARN_BOOL_CONVERSION = YES;
				CLANG_WARN_COMMA = YES;
				CLANG_WARN_CONSTANT_CONVERSION = YES;
				CLANG_WARN_DEPRECATED_OBJC_IMPLEMENTATIONS = YES;
				CLANG_WARN_DIRECT_OBJC_ISA_USAGE = YES_ERROR;
				CLANG_WARN_DOCUMENTATION_COMMENTS = YES;
				CLANG_WARN_EMPTY_BODY = YES;
				CLANG_WARN_ENUM_CONVERSION = YES;
				CLANG_WARN_INFINITE_RECURSION = YES;
				CLANG_WARN_INT_CONVERSION = YES;
				CLANG_WARN_NON_LITERAL_NULL_CONVERSION = YES;
				CLANG_WARN_OBJC_IMPLICIT_RETAIN_SELF = YES;
				CLANG_WARN_OBJC_LITERAL_CONVERSION = YES;
				CLANG_WARN_OBJC_ROOT_CLASS = YES_ERROR;
				CLANG_WARN_QUOTED_INCLUDE_IN_FRAMEWORK_HEADER = YES;
				CLANG_WARN_RANGE_LOOP_ANALYSIS = YES;
				CLANG_WARN_STRICT_PROTOTYPES = YES;
				CLANG_WARN_SUSPICIOUS_MOVE = YES;
				CLANG_WARN_UNGUARDED_AVAILABILITY = YES_AGGRESSIVE;
				CLANG_WARN_UNREACHABLE_CODE = YES;
				CLANG_WARN__DUPLICATE_METHOD_MATCH = YES;
				COPY_PHASE_STRIP = NO;
				DEBUG_INFORMATION_FORMAT = "dwarf-with-dsym";
				ENABLE_NS_ASSERTIONS = NO;
				ENABLE_STRICT_OBJC_MSGSEND = YES;
				GCC_C_LANGUAGE_STANDARD = gnu11;
				GCC_NO_COMMON_BLOCKS = YES;
				GCC_WARN_64_TO_32_BIT_CONVERSION = YES;
				GCC_WARN_ABOUT_RETURN_TYPE = YES_ERROR;
				GCC_WARN_UNDECLARED_SELECTOR = YES;
				GCC_WARN_UNINITIALIZED_AUTOS = YES_AGGRESSIVE;
				GCC_WARN_UNUSED_FUNCTION = YES;
				GCC_WARN_UNUSED_VARIABLE = YES;
				IPHONEOS_DEPLOYMENT_TARGET = 15.5;
				MTL_ENABLE_DEBUG_INFO = NO;
				MTL_FAST_MATH = YES;
				SDKROOT = iphoneos;
				VALIDATE_PRODUCT = YES;
			};
			name = Release;
		};
		212489B1285A4EEA0010A6B6 /* Debug */ = {
			isa = XCBuildConfiguration;
			baseConfigurationReference = 15F2687CBB9A950BB286EAC5 /* Pods-Flixter.debug.xcconfig */;
			buildSettings = {
				ASSETCATALOG_COMPILER_APPICON_NAME = AppIcon;
				ASSETCATALOG_COMPILER_GLOBAL_ACCENT_COLOR_NAME = AccentColor;
				CODE_SIGN_STYLE = Automatic;
				CURRENT_PROJECT_VERSION = 1;
				GENERATE_INFOPLIST_FILE = YES;
				INFOPLIST_FILE = Flixter/Info.plist;
				INFOPLIST_KEY_UIApplicationSupportsIndirectInputEvents = YES;
				INFOPLIST_KEY_UILaunchStoryboardName = LaunchScreen;
				INFOPLIST_KEY_UIMainStoryboardFile = Main;
				INFOPLIST_KEY_UISupportedInterfaceOrientations_iPad = "UIInterfaceOrientationPortrait UIInterfaceOrientationPortraitUpsideDown UIInterfaceOrientationLandscapeLeft UIInterfaceOrientationLandscapeRight";
				INFOPLIST_KEY_UISupportedInterfaceOrientations_iPhone = "UIInterfaceOrientationPortrait UIInterfaceOrientationLandscapeLeft UIInterfaceOrientationLandscapeRight";
				LD_RUNPATH_SEARCH_PATHS = (
					"$(inherited)",
					"@executable_path/Frameworks",
				);
				MARKETING_VERSION = 1.0;
				PRODUCT_BUNDLE_IDENTIFIER = com.nikitaag.Flixter;
				PRODUCT_NAME = "$(TARGET_NAME)";
				SWIFT_EMIT_LOC_STRINGS = YES;
				TARGETED_DEVICE_FAMILY = "1,2";
			};
			name = Debug;
		};
		212489B2285A4EEA0010A6B6 /* Release */ = {
			isa = XCBuildConfiguration;
			baseConfigurationReference = C39304FEB3E7C7BB17850634 /* Pods-Flixter.release.xcconfig */;
			buildSettings = {
				ASSETCATALOG_COMPILER_APPICON_NAME = AppIcon;
				ASSETCATALOG_COMPILER_GLOBAL_ACCENT_COLOR_NAME = AccentColor;
				CODE_SIGN_STYLE = Automatic;
				CURRENT_PROJECT_VERSION = 1;
				GENERATE_INFOPLIST_FILE = YES;
				INFOPLIST_FILE = Flixter/Info.plist;
				INFOPLIST_KEY_UIApplicationSupportsIndirectInputEvents = YES;
				INFOPLIST_KEY_UILaunchStoryboardName = LaunchScreen;
				INFOPLIST_KEY_UIMainStoryboardFile = Main;
				INFOPLIST_KEY_UISupportedInterfaceOrientations_iPad = "UIInterfaceOrientationPortrait UIInterfaceOrientationPortraitUpsideDown UIInterfaceOrientationLandscapeLeft UIInterfaceOrientationLandscapeRight";
				INFOPLIST_KEY_UISupportedInterfaceOrientations_iPhone = "UIInterfaceOrientationPortrait UIInterfaceOrientationLandscapeLeft UIInterfaceOrientationLandscapeRight";
				LD_RUNPATH_SEARCH_PATHS = (
					"$(inherited)",
					"@executable_path/Frameworks",
				);
				MARKETING_VERSION = 1.0;
				PRODUCT_BUNDLE_IDENTIFIER = com.nikitaag.Flixter;
				PRODUCT_NAME = "$(TARGET_NAME)";
				SWIFT_EMIT_LOC_STRINGS = YES;
				TARGETED_DEVICE_FAMILY = "1,2";
			};
			name = Release;
		};
		212489B4285A4EEA0010A6B6 /* Debug */ = {
			isa = XCBuildConfiguration;
			baseConfigurationReference = 2317965C807377FC6E8816F6 /* Pods-FlixterTests.debug.xcconfig */;
			buildSettings = {
				BUNDLE_LOADER = "$(TEST_HOST)";
				CODE_SIGN_STYLE = Automatic;
				CURRENT_PROJECT_VERSION = 1;
				GENERATE_INFOPLIST_FILE = YES;
				IPHONEOS_DEPLOYMENT_TARGET = 15.5;
				MARKETING_VERSION = 1.0;
				PRODUCT_BUNDLE_IDENTIFIER = com.nikitaag.FlixterTests;
				PRODUCT_NAME = "$(TARGET_NAME)";
				SWIFT_EMIT_LOC_STRINGS = NO;
				TARGETED_DEVICE_FAMILY = "1,2";
				TEST_HOST = "$(BUILT_PRODUCTS_DIR)/Flixter.app/Flixter";
			};
			name = Debug;
		};
		212489B5285A4EEA0010A6B6 /* Release */ = {
			isa = XCBuildConfiguration;
			baseConfigurationReference = BF2D9B2A2E8C13A62EE00685 /* Pods-FlixterTests.release.xcconfig */;
			buildSettings = {
				BUNDLE_LOADER = "$(TEST_HOST)";
				CODE_SIGN_STYLE = Automatic;
				CURRENT_PROJECT_VERSION = 1;
				GENERATE_INFOPLIST_FILE = YES;
				IPHONEOS_DEPLOYMENT_TARGET = 15.5;
				MARKETING_VERSION = 1.0;
				PRODUCT_BUNDLE_IDENTIFIER = com.nikitaag.FlixterTests;
				PRODUCT_NAME = "$(TARGET_NAME)";
				SWIFT_EMIT_LOC_STRINGS = NO;
				TARGETED_DEVICE_FAMILY = "1,2";
				TEST_HOST = "$(BUILT_PRODUCTS_DIR)/Flixter.app/Flixter";
			};
			name = Release;
		};
		212489B7285A4EEA0010A6B6 /* Debug */ = {
			isa = XCBuildConfiguration;
			baseConfigurationReference = 4B72BB2159E8C2AC7295F858 /* Pods-Flixter-FlixterUITests.debug.xcconfig */;
			buildSettings = {
				CODE_SIGN_STYLE = Automatic;
				CURRENT_PROJECT_VERSION = 1;
				GENERATE_INFOPLIST_FILE = YES;
				MARKETING_VERSION = 1.0;
				PRODUCT_BUNDLE_IDENTIFIER = com.nikitaag.FlixterUITests;
				PRODUCT_NAME = "$(TARGET_NAME)";
				SWIFT_EMIT_LOC_STRINGS = NO;
				TARGETED_DEVICE_FAMILY = "1,2";
				TEST_TARGET_NAME = Flixter;
			};
			name = Debug;
		};
		212489B8285A4EEA0010A6B6 /* Release */ = {
			isa = XCBuildConfiguration;
			baseConfigurationReference = 3683DFA457081CB092AB0222 /* Pods-Flixter-FlixterUITests.release.xcconfig */;
			buildSettings = {
				CODE_SIGN_STYLE = Automatic;
				CURRENT_PROJECT_VERSION = 1;
				GENERATE_INFOPLIST_FILE = YES;
				MARKETING_VERSION = 1.0;
				PRODUCT_BUNDLE_IDENTIFIER = com.nikitaag.FlixterUITests;
				PRODUCT_NAME = "$(TARGET_NAME)";
				SWIFT_EMIT_LOC_STRINGS = NO;
				TARGETED_DEVICE_FAMILY = "1,2";
				TEST_TARGET_NAME = Flixter;
			};
			name = Release;
		};
/* End XCBuildConfiguration section */

/* Begin XCConfigurationList section */
		2124897C285A4EE80010A6B6 /* Build configuration list for PBXProject "Flixter" */ = {
			isa = XCConfigurationList;
			buildConfigurations = (
				212489AE285A4EEA0010A6B6 /* Debug */,
				212489AF285A4EEA0010A6B6 /* Release */,
			);
			defaultConfigurationIsVisible = 0;
			defaultConfigurationName = Release;
		};
		212489B0285A4EEA0010A6B6 /* Build configuration list for PBXNativeTarget "Flixter" */ = {
			isa = XCConfigurationList;
			buildConfigurations = (
				212489B1285A4EEA0010A6B6 /* Debug */,
				212489B2285A4EEA0010A6B6 /* Release */,
			);
			defaultConfigurationIsVisible = 0;
			defaultConfigurationName = Release;
		};
		212489B3285A4EEA0010A6B6 /* Build configuration list for PBXNativeTarget "FlixterTests" */ = {
			isa = XCConfigurationList;
			buildConfigurations = (
				212489B4285A4EEA0010A6B6 /* Debug */,
				212489B5285A4EEA0010A6B6 /* Release */,
			);
			defaultConfigurationIsVisible = 0;
			defaultConfigurationName = Release;
		};
		212489B6285A4EEA0010A6B6 /* Build configuration list for PBXNativeTarget "FlixterUITests" */ = {
			isa = XCConfigurationList;
			buildConfigurations = (
				212489B7285A4EEA0010A6B6 /* Debug */,
				212489B8285A4EEA0010A6B6 /* Release */,
			);
			defaultConfigurationIsVisible = 0;
			defaultConfigurationName = Release;
		};
/* End XCConfigurationList section */
	};
	rootObject = 21248979285A4EE80010A6B6 /* Project object */;
}
